
Microsoft Visual Studio Solution File, Format Version 12.00
# Visual Studio Version 17
VisualStudioVersion = 17.6.33723.286
MinimumVisualStudioVersion = 10.0.40219.1
Project("{FAE04EC0-301F-11D3-BF4B-00C04F79EFBC}") = "DnsVerifierNet", "DnsVerifierNet\DnsVerifierNet.csproj", "{562C4E05-18B8-4AF4-A828-EA1D2740D6BF}"
EndProject
Global
	GlobalSection(SolutionConfigurationPlatforms) = preSolution
		Debug|Any CPU = Debug|Any CPU
		Release|Any CPU = Release|Any CPU
	EndGlobalSection
	GlobalSection(ProjectConfigurationPlatforms) = postSolution
		{562C4E05-18B8-4AF4-A828-EA1D2740D6BF}.Debug|Any CPU.ActiveCfg = Debug|Any CPU
		{562C4E05-18B8-4AF4-A828-EA1D2740D6BF}.Debug|Any CPU.Build.0 = Debug|Any CPU
		{562C4E05-18B8-4AF4-A828-EA1D2740D6BF}.Release|Any CPU.ActiveCfg = Release|Any CPU
		{562C4E05-18B8-4AF4-A828-EA1D2740D6BF}.Release|Any CPU.Build.0 = Release|Any CPU
	EndGlobalSection
	GlobalSection(SolutionProperties) = preSolution
		HideSolutionNode = FALSE
	EndGlobalSection
	GlobalSection(ExtensibilityGlobals) = postSolution
		SolutionGuid = {A16D390F-9FFE-44AB-90A5-EAD2D1B3DF4B}
	EndGlobalSection
EndGlobal
